// !$*UTF8*$!
{
	archiveVersion = 1;
	classes = {
	};
	objectVersion = 48;
	objects = {

/* Begin PBXBuildFile section */
		4896F48C20DC423200DF42E8 /* AppDelegate.m in Sources */ = {isa = PBXBuildFile; fileRef = 4896F48B20DC423200DF42E8 /* AppDelegate.m */; };
		4896F48F20DC423200DF42E8 /* ViewController.m in Sources */ = {isa = PBXBuildFile; fileRef = 4896F48E20DC423200DF42E8 /* ViewController.m */; };
		4896F49220DC423200DF42E8 /* Main.storyboard in Resources */ = {isa = PBXBuildFile; fileRef = 4896F49020DC423200DF42E8 /* Main.storyboard */; };
		4896F49520DC423200DF42E8 /* Mans_Best_Friend.xcdatamodeld in Sources */ = {isa = PBXBuildFile; fileRef = 4896F49320DC423200DF42E8 /* Mans_Best_Friend.xcdatamodeld */; };
		4896F49720DC423200DF42E8 /* Assets.xcassets in Resources */ = {isa = PBXBuildFile; fileRef = 4896F49620DC423200DF42E8 /* Assets.xcassets */; };
		4896F49A20DC423200DF42E8 /* LaunchScreen.storyboard in Resources */ = {isa = PBXBuildFile; fileRef = 4896F49820DC423200DF42E8 /* LaunchScreen.storyboard */; };
		4896F49D20DC423200DF42E8 /* main.m in Sources */ = {isa = PBXBuildFile; fileRef = 4896F49C20DC423200DF42E8 /* main.m */; };
		4896F4A520DC42C400DF42E8 /* MBFDog.m in Sources */ = {isa = PBXBuildFile; fileRef = 4896F4A420DC42C400DF42E8 /* MBFDog.m */; };
/* End PBXBuildFile section */

/* Begin PBXFileReference section */
		4896F48720DC423200DF42E8 /* Mans Best Friend.app */ = {isa = PBXFileReference; explicitFileType = wrapper.application; includeInIndex = 0; path = "Mans Best Friend.app"; sourceTree = BUILT_PRODUCTS_DIR; };
		4896F48A20DC423200DF42E8 /* AppDelegate.h */ = {isa = PBXFileReference; lastKnownFileType = sourcecode.c.h; path = AppDelegate.h; sourceTree = "<group>"; };
		4896F48B20DC423200DF42E8 /* AppDelegate.m */ = {isa = PBXFileReference; lastKnownFileType = sourcecode.c.objc; path = AppDelegate.m; sourceTree = "<group>"; };
		4896F48D20DC423200DF42E8 /* ViewController.h */ = {isa = PBXFileReference; lastKnownFileType = sourcecode.c.h; path = ViewController.h; sourceTree = "<group>"; };
		4896F48E20DC423200DF42E8 /* ViewController.m */ = {isa = PBXFileReference; lastKnownFileType = sourcecode.c.objc; path = ViewController.m; sourceTree = "<group>"; };
		4896F49120DC423200DF42E8 /* Base */ = {isa = PBXFileReference; lastKnownFileType = file.storyboard; name = Base; path = Base.lproj/Main.storyboard; sourceTree = "<group>"; };
		4896F49420DC423200DF42E8 /* Mans_Best_Friend.xcdatamodel */ = {isa = PBXFileReference; lastKnownFileType = wrapper.xcdatamodel; path = Mans_Best_Friend.xcdatamodel; sourceTree = "<group>"; };
		4896F49620DC423200DF42E8 /* Assets.xcassets */ = {isa = PBXFileReference; lastKnownFileType = folder.assetcatalog; path = Assets.xcassets; sourceTree = "<group>"; };
		4896F49920DC423200DF42E8 /* Base */ = {isa = PBXFileReference; lastKnownFileType = file.storyboard; name = Base; path = Base.lproj/LaunchScreen.storyboard; sourceTree = "<group>"; };
		4896F49B20DC423200DF42E8 /* Info.plist */ = {isa = PBXFileReference; lastKnownFileType = text.plist.xml; path = Info.plist; sourceTree = "<group>"; };
		4896F49C20DC423200DF42E8 /* main.m */ = {isa = PBXFileReference; lastKnownFileType = sourcecode.c.objc; path = main.m; sourceTree = "<group>"; };
		4896F4A320DC42C400DF42E8 /* MBFDog.h */ = {isa = PBXFileReference; lastKnownFileType = sourcecode.c.h; path = MBFDog.h; sourceTree = "<group>"; };
		4896F4A420DC42C400DF42E8 /* MBFDog.m */ = {isa = PBXFileReference; lastKnownFileType = sourcecode.c.objc; path = MBFDog.m; sourceTree = "<group>"; };
/* End PBXFileReference section */

/* Begin PBXFrameworksBuildPhase section */
		4896F48420DC423200DF42E8 /* Frameworks */ = {
			isa = PBXFrameworksBuildPhase;
			buildActionMask = 2147483647;
			files = (
			);
			runOnlyForDeploymentPostprocessing = 0;
		};
/* End PBXFrameworksBuildPhase section */

/* Begin PBXGroup section */
		4896F47E20DC423200DF42E8 = {
			isa = PBXGroup;
			children = (
				4896F48920DC423200DF42E8 /* Mans Best Friend */,
				4896F48820DC423200DF42E8 /* Products */,
			);
			sourceTree = "<group>";
		};
		4896F48820DC423200DF42E8 /* Products */ = {
			isa = PBXGroup;
			children = (
				4896F48720DC423200DF42E8 /* Mans Best Friend.app */,
			);
			name = Products;
			sourceTree = "<group>";
		};
		4896F48920DC423200DF42E8 /* Mans Best Friend */ = {
			isa = PBXGroup;
			children = (
				4896F48A20DC423200DF42E8 /* AppDelegate.h */,
				4896F48B20DC423200DF42E8 /* AppDelegate.m */,
				4896F48D20DC423200DF42E8 /* ViewController.h */,
				4896F48E20DC423200DF42E8 /* ViewController.m */,
				4896F4A320DC42C400DF42E8 /* MBFDog.h */,
				4896F4A420DC42C400DF42E8 /* MBFDog.m */,
				4896F49020DC423200DF42E8 /* Main.storyboard */,
				4896F49620DC423200DF42E8 /* Assets.xcassets */,
				4896F49820DC423200DF42E8 /* LaunchScreen.storyboard */,
				4896F49B20DC423200DF42E8 /* Info.plist */,
				4896F49C20DC423200DF42E8 /* main.m */,
				4896F49320DC423200DF42E8 /* Mans_Best_Friend.xcdatamodeld */,
			);
			path = "Mans Best Friend";
			sourceTree = "<group>";
		};
/* End PBXGroup section */

/* Begin PBXNativeTarget section */
		4896F48620DC423200DF42E8 /* Mans Best Friend */ = {
			isa = PBXNativeTarget;
			buildConfigurationList = 4896F4A020DC423200DF42E8 /* Build configuration list for PBXNativeTarget "Mans Best Friend" */;
			buildPhases = (
				4896F48320DC423200DF42E8 /* Sources */,
				4896F48420DC423200DF42E8 /* Frameworks */,
				4896F48520DC423200DF42E8 /* Resources */,
			);
			buildRules = (
			);
			dependencies = (
			);
			name = "Mans Best Friend";
			productName = "Mans Best Friend";
			productReference = 4896F48720DC423200DF42E8 /* Mans Best Friend.app */;
			productType = "com.apple.product-type.application";
		};
/* End PBXNativeTarget section */

/* Begin PBXProject section */
		4896F47F20DC423200DF42E8 /* Project object */ = {
			isa = PBXProject;
			attributes = {
				LastUpgradeCheck = 0920;
				ORGANIZATIONNAME = "Stanley Chen";
				TargetAttributes = {
					4896F48620DC423200DF42E8 = {
						CreatedOnToolsVersion = 9.2;
						ProvisioningStyle = Automatic;
					};
				};
			};
			buildConfigurationList = 4896F48220DC423200DF42E8 /* Build configuration list for PBXProject "Mans Best Friend" */;
			compatibilityVersion = "Xcode 8.0";
			developmentRegion = en;
			hasScannedForEncodings = 0;
			knownRegions = (
				en,
				Base,
			);
			mainGroup = 4896F47E20DC423200DF42E8;
			productRefGroup = 4896F48820DC423200DF42E8 /* Products */;
			projectDirPath = "";
			projectRoot = "";
			targets = (
				4896F48620DC423200DF42E8 /* Mans Best Friend */,
			);
		};
/* End PBXProject section */

/* Begin PBXResourcesBuildPhase section */
		4896F48520DC423200DF42E8 /* Resources */ = {
			isa = PBXResourcesBuildPhase;
			buildActionMask = 2147483647;
			files = (
				4896F49A20DC423200DF42E8 /* LaunchScreen.storyboard in Resources */,
				4896F49720DC423200DF42E8 /* Assets.xcassets in Resources */,
				4896F49220DC423200DF42E8 /* Main.storyboard in Resources */,
			);
			runOnlyForDeploymentPostprocessing = 0;
		};
/* End PBXResourcesBuildPhase section */

/* Begin PBXSourcesBuildPhase section */
		4896F48320DC423200DF42E8 /* Sources */ = {
			isa = PBXSourcesBuildPhase;
			buildActionMask = 2147483647;
			files = (
				4896F48F20DC423200DF42E8 /* ViewController.m in Sources */,
				4896F4A520DC42C400DF42E8 /* MBFDog.m in Sources */,
				4896F49520DC423200DF42E8 /* Mans_Best_Friend.xcdatamodeld in Sources */,
				4896F49D20DC423200DF42E8 /* main.m in Sources */,
				4896F48C20DC423200DF42E8 /* AppDelegate.m in Sources */,
			);
			runOnlyForDeploymentPostprocessing = 0;
		};
/* End PBXSourcesBuildPhase section */

/* Begin PBXVariantGroup section */
		4896F49020DC423200DF42E8 /* Main.storyboard */ = {
			isa = PBXVariantGroup;
			children = (
				4896F49120DC423200DF42E8 /* Base */,
			);
			name = Main.storyboard;
			sourceTree = "<group>";
		};
		4896F49820DC423200DF42E8 /* LaunchScreen.storyboard */ = {
			isa = PBXVariantGroup;
			children = (
				4896F49920DC423200DF42E8 /* Base */,
			);
			name = LaunchScreen.storyboard;
			sourceTree = "<group>";
		};
/* End PBXVariantGroup section */

/* Begin XCBuildConfiguration section */
		4896F49E20DC423200DF42E8 /* Debug */ = {
			isa = XCBuildConfiguration;
			buildSettings = {
				ALWAYS_SEARCH_USER_PATHS = NO;
				CLANG_ANALYZER_NONNULL = YES;
				CLANG_ANALYZER_NUMBER_OBJECT_CONVERSION = YES_AGGRESSIVE;
				CLANG_CXX_LANGUAGE_STANDARD = "gnu++14";
				CLANG_CXX_LIBRARY = "libc++";
				CLANG_ENABLE_MODULES = YES;
				CLANG_ENABLE_OBJC_ARC = YES;
				CLANG_WARN_BLOCK_CAPTURE_AUTORELEASING = YES;
				CLANG_WARN_BOOL_CONVERSION = YES;
				CLANG_WARN_COMMA = YES;
				CLANG_WARN_CONSTANT_CONVERSION = YES;
				CLANG_WARN_DIRECT_OBJC_ISA_USAGE = YES_ERROR;
				CLANG_WARN_DOCUMENTATION_COMMENTS = YES;
				CLANG_WARN_EMPTY_BODY = YES;
				CLANG_WARN_ENUM_CONVERSION = YES;
				CLANG_WARN_INFINITE_RECURSION = YES;
				CLANG_WARN_INT_CONVERSION = YES;
				CLANG_WARN_NON_LITERAL_NULL_CONVERSION = YES;
				CLANG_WARN_OBJC_LITERAL_CONVERSION = YES;
				CLANG_WARN_OBJC_ROOT_CLASS = YES_ERROR;
				CLANG_WARN_RANGE_LOOP_ANALYSIS = YES;
				CLANG_WARN_STRICT_PROTOTYPES = YES;
				CLANG_WARN_SUSPICIOUS_MOVE = YES;
				CLANG_WARN_UNGUARDED_AVAILABILITY = YES_AGGRESSIVE;
				CLANG_WARN_UNREACHABLE_CODE = YES;
				CLANG_WARN__DUPLICATE_METHOD_MATCH = YES;
				CODE_SIGN_IDENTITY = "iPhone Developer";
				COPY_PHASE_STRIP = NO;
				DEBUG_INFORMATION_FORMAT = dwarf;
				ENABLE_STRICT_OBJC_MSGSEND = YES;
				ENABLE_TESTABILITY = YES;
				GCC_C_LANGUAGE_STANDARD = gnu11;
				GCC_DYNAMIC_NO_PIC = NO;
				GCC_NO_COMMON_BLOCKS = YES;
				GCC_OPTIMIZATION_LEVEL = 0;
				GCC_PREPROCESSOR_DEFINITIONS = (
					"DEBUG=1",
					"$(inherited)",
				);
				GCC_WARN_64_TO_32_BIT_CONVERSION = YES;
				GCC_WARN_ABOUT_RETURN_TYPE = YES_ERROR;
				GCC_WARN_UNDECLARED_SELECTOR = YES;
				GCC_WARN_UNINITIALIZED_AUTOS = YES_AGGRESSIVE;
				GCC_WARN_UNUSED_FUNCTION = YES;
				GCC_WARN_UNUSED_VARIABLE = YES;
				IPHONEOS_DEPLOYMENT_TARGET = 11.2;
				MTL_ENABLE_DEBUG_INFO = YES;
				ONLY_ACTIVE_ARCH = YES;
				SDKROOT = iphoneos;
			};
			name = Debug;
		};
		4896F49F20DC423200DF42E8 /* Release */ = {
			isa = XCBuildConfiguration;
			buildSettings = {
				ALWAYS_SEARCH_USER_PATHS = NO;
				CLANG_ANALYZER_NONNULL = YES;
				CLANG_ANALYZER_NUMBER_OBJECT_CONVERSION = YES_AGGRESSIVE;
				CLANG_CXX_LANGUAGE_STANDARD = "gnu++14";
				CLANG_CXX_LIBRARY = "libc++";
				CLANG_ENABLE_MODULES = YES;
				CLANG_ENABLE_OBJC_ARC = YES;
				CLANG_WARN_BLOCK_CAPTURE_AUTORELEASING = YES;
				CLANG_WARN_BOOL_CONVERSION = YES;
				CLANG_WARN_COMMA = YES;
				CLANG_WARN_CONSTANT_CONVERSION = YES;
				CLANG_WARN_DIRECT_OBJC_ISA_USAGE = YES_ERROR;
				CLANG_WARN_DOCUMENTATION_COMMENTS = YES;
				CLANG_WARN_EMPTY_BODY = YES;
				CLANG_WARN_ENUM_CONVERSION = YES;
				CLANG_WARN_INFINITE_RECURSION = YES;
				CLANG_WARN_INT_CONVERSION = YES;
				CLANG_WARN_NON_LITERAL_NULL_CONVERSION = YES;
				CLANG_WARN_OBJC_LITERAL_CONVERSION = YES;
				CLANG_WARN_OBJC_ROOT_CLASS = YES_ERROR;
				CLANG_WARN_RANGE_LOOP_ANALYSIS = YES;
				CLANG_WARN_STRICT_PROTOTYPES = YES;
				CLANG_WARN_SUSPICIOUS_MOVE = YES;
				CLANG_WARN_UNGUARDED_AVAILABILITY = YES_AGGRESSIVE;
				CLANG_WARN_UNREACHABLE_CODE = YES;
				CLANG_WARN__DUPLICATE_METHOD_MATCH = YES;
				CODE_SIGN_IDENTITY = "iPhone Developer";
				COPY_PHASE_STRIP = NO;
				DEBUG_INFORMATION_FORMAT = "dwarf-with-dsym";
				ENABLE_NS_ASSERTIONS = NO;
				ENABLE_STRICT_OBJC_MSGSEND = YES;
				GCC_C_LANGUAGE_STANDARD = gnu11;
				GCC_NO_COMMON_BLOCKS = YES;
				GCC_WARN_64_TO_32_BIT_CONVERSION = YES;
				GCC_WARN_ABOUT_RETURN_TYPE = YES_ERROR;
				GCC_WARN_UNDECLARED_SELECTOR = YES;
				GCC_WARN_UNINITIALIZED_AUTOS = YES_AGGRESSIVE;
				GCC_WARN_UNUSED_FUNCTION = YES;
				GCC_WARN_UNUSED_VARIABLE = YES;
				IPHONEOS_DEPLOYMENT_TARGET = 11.2;
				MTL_ENABLE_DEBUG_INFO = NO;
				SDKROOT = iphoneos;
				VALIDATE_PRODUCT = YES;
			};
			name = Release;
		};
		4896F4A120DC423200DF42E8 /* Debug */ = {
			isa = XCBuildConfiguration;
			buildSettings = {
				ASSETCATALOG_COMPILER_APPICON_NAME = AppIcon;
				CODE_SIGN_STYLE = Automatic;
				DEVELOPMENT_TEAM = Y9F8QBC7QM;
				INFOPLIST_FILE = "Mans Best Friend/Info.plist";
				LD_RUNPATH_SEARCH_PATHS = "$(inherited) @executable_path/Frameworks";
				PRODUCT_BUNDLE_IDENTIFIER = "com.stanleychen.Mans-Best-Friend";
				PRODUCT_NAME = "$(TARGET_NAME)";
				TARGETED_DEVICE_FAMILY = "1,2";
			};
			name = Debug;
		};
		4896F4A220DC423200DF42E8 /* Release */ = {
			isa = XCBuildConfiguration;
			buildSettings = {
				ASSETCATALOG_COMPILER_APPICON_NAME = AppIcon;
				CODE_SIGN_STYLE = Automatic;
				DEVELOPMENT_TEAM = Y9F8QBC7QM;
				INFOPLIST_FILE = "Mans Best Friend/Info.plist";
				LD_RUNPATH_SEARCH_PATHS = "$(inherited) @executable_path/Frameworks";
				PRODUCT_BUNDLE_IDENTIFIER = "com.stanleychen.Mans-Best-Friend";
				PRODUCT_NAME = "$(TARGET_NAME)";
				TARGETED_DEVICE_FAMILY = "1,2";
			};
			name = Release;
		};
/* End XCBuildConfiguration section */

/* Begin XCConfigurationList section */
		4896F48220DC423200DF42E8 /* Build configuration list for PBXProject "Mans Best Friend" */ = {
			isa = XCConfigurationList;
			buildConfigurations = (
				4896F49E20DC423200DF42E8 /* Debug */,
				4896F49F20DC423200DF42E8 /* Release */,
			);
			defaultConfigurationIsVisible = 0;
			defaultConfigurationName = Release;
		};
		4896F4A020DC423200DF42E8 /* Build configuration list for PBXNativeTarget "Mans Best Friend" */ = {
			isa = XCConfigurationList;
			buildConfigurations = (
				4896F4A120DC423200DF42E8 /* Debug */,
				4896F4A220DC423200DF42E8 /* Release */,
			);
			defaultConfigurationIsVisible = 0;
			defaultConfigurationName = Release;
		};
/* End XCConfigurationList section */

/* Begin XCVersionGroup section */
		4896F49320DC423200DF42E8 /* Mans_Best_Friend.xcdatamodeld */ = {
			isa = XCVersionGroup;
			children = (
				4896F49420DC423200DF42E8 /* Mans_Best_Friend.xcdatamodel */,
			);
			currentVersion = 4896F49420DC423200DF42E8 /* Mans_Best_Friend.xcdatamodel */;
			path = Mans_Best_Friend.xcdatamodeld;
			sourceTree = "<group>";
			versionGroupType = wrapper.xcdatamodel;
		};
/* End XCVersionGroup section */
	};
	rootObject = 4896F47F20DC423200DF42E8 /* Project object */;
}
