// !$*UTF8*$!
{
	archiveVersion = 1;
	classes = {
	};
	objectVersion = 48;
	objects = {

/* Begin PBXBuildFile section */
		48BAD6F520D5E8C2006A50F1 /* AppDelegate.m in Sources */ = {isa = PBXBuildFile; fileRef = 48BAD6F420D5E8C2006A50F1 /* AppDelegate.m */; };
		48BAD6F820D5E8C2006A50F1 /* ViewController.m in Sources */ = {isa = PBXBuildFile; fileRef = 48BAD6F720D5E8C2006A50F1 /* ViewController.m */; };
		48BAD6FB20D5E8C2006A50F1 /* Main.storyboard in Resources */ = {isa = PBXBuildFile; fileRef = 48BAD6F920D5E8C2006A50F1 /* Main.storyboard */; };
		48BAD6FD20D5E8C2006A50F1 /* Assets.xcassets in Resources */ = {isa = PBXBuildFile; fileRef = 48BAD6FC20D5E8C2006A50F1 /* Assets.xcassets */; };
		48BAD70020D5E8C2006A50F1 /* LaunchScreen.storyboard in Resources */ = {isa = PBXBuildFile; fileRef = 48BAD6FE20D5E8C2006A50F1 /* LaunchScreen.storyboard */; };
		48BAD70320D5E8C2006A50F1 /* main.m in Sources */ = {isa = PBXBuildFile; fileRef = 48BAD70220D5E8C2006A50F1 /* main.m */; };
		A172C903861A4990B5408E01 /* Pods_indytest92.framework in Frameworks */ = {isa = PBXBuildFile; fileRef = 87B01BEE1F849631AF61B480 /* Pods_indytest92.framework */; };
/* End PBXBuildFile section */

/* Begin PBXFileReference section */
		00F46F8A0BAB4661BE9B0C7C /* Pods-indytest92.release.xcconfig */ = {isa = PBXFileReference; includeInIndex = 1; lastKnownFileType = text.xcconfig; name = "Pods-indytest92.release.xcconfig"; path = "Pods/Target Support Files/Pods-indytest92/Pods-indytest92.release.xcconfig"; sourceTree = "<group>"; };
		48BAD6F020D5E8C2006A50F1 /* indytest92.app */ = {isa = PBXFileReference; explicitFileType = wrapper.application; includeInIndex = 0; path = indytest92.app; sourceTree = BUILT_PRODUCTS_DIR; };
		48BAD6F320D5E8C2006A50F1 /* AppDelegate.h */ = {isa = PBXFileReference; lastKnownFileType = sourcecode.c.h; path = AppDelegate.h; sourceTree = "<group>"; };
		48BAD6F420D5E8C2006A50F1 /* AppDelegate.m */ = {isa = PBXFileReference; lastKnownFileType = sourcecode.c.objc; path = AppDelegate.m; sourceTree = "<group>"; };
		48BAD6F620D5E8C2006A50F1 /* ViewController.h */ = {isa = PBXFileReference; lastKnownFileType = sourcecode.c.h; path = ViewController.h; sourceTree = "<group>"; };
		48BAD6F720D5E8C2006A50F1 /* ViewController.m */ = {isa = PBXFileReference; lastKnownFileType = sourcecode.c.objc; path = ViewController.m; sourceTree = "<group>"; };
		48BAD6FA20D5E8C2006A50F1 /* Base */ = {isa = PBXFileReference; lastKnownFileType = file.storyboard; name = Base; path = Base.lproj/Main.storyboard; sourceTree = "<group>"; };
		48BAD6FC20D5E8C2006A50F1 /* Assets.xcassets */ = {isa = PBXFileReference; lastKnownFileType = folder.assetcatalog; path = Assets.xcassets; sourceTree = "<group>"; };
		48BAD6FF20D5E8C2006A50F1 /* Base */ = {isa = PBXFileReference; lastKnownFileType = file.storyboard; name = Base; path = Base.lproj/LaunchScreen.storyboard; sourceTree = "<group>"; };
		48BAD70120D5E8C2006A50F1 /* Info.plist */ = {isa = PBXFileReference; lastKnownFileType = text.plist.xml; path = Info.plist; sourceTree = "<group>"; };
		48BAD70220D5E8C2006A50F1 /* main.m */ = {isa = PBXFileReference; lastKnownFileType = sourcecode.c.objc; path = main.m; sourceTree = "<group>"; };
		87B01BEE1F849631AF61B480 /* Pods_indytest92.framework */ = {isa = PBXFileReference; explicitFileType = wrapper.framework; includeInIndex = 0; path = Pods_indytest92.framework; sourceTree = BUILT_PRODUCTS_DIR; };
		F0AC7731B8D3AB9C5EA95FEA /* Pods-indytest92.debug.xcconfig */ = {isa = PBXFileReference; includeInIndex = 1; lastKnownFileType = text.xcconfig; name = "Pods-indytest92.debug.xcconfig"; path = "Pods/Target Support Files/Pods-indytest92/Pods-indytest92.debug.xcconfig"; sourceTree = "<group>"; };
/* End PBXFileReference section */

/* Begin PBXFrameworksBuildPhase section */
		48BAD6ED20D5E8C2006A50F1 /* Frameworks */ = {
			isa = PBXFrameworksBuildPhase;
			buildActionMask = 2147483647;
			files = (
				A172C903861A4990B5408E01 /* Pods_indytest92.framework in Frameworks */,
			);
			runOnlyForDeploymentPostprocessing = 0;
		};
/* End PBXFrameworksBuildPhase section */

/* Begin PBXGroup section */
		3C37D5C2E0ADC209EEC0C373 /* Pods */ = {
			isa = PBXGroup;
			children = (
				F0AC7731B8D3AB9C5EA95FEA /* Pods-indytest92.debug.xcconfig */,
				00F46F8A0BAB4661BE9B0C7C /* Pods-indytest92.release.xcconfig */,
			);
			name = Pods;
			sourceTree = "<group>";
		};
		415B38A5CBEEFCDBBB262A3D /* Frameworks */ = {
			isa = PBXGroup;
			children = (
				87B01BEE1F849631AF61B480 /* Pods_indytest92.framework */,
			);
			name = Frameworks;
			sourceTree = "<group>";
		};
		48BAD6E720D5E8C2006A50F1 = {
			isa = PBXGroup;
			children = (
				48BAD6F220D5E8C2006A50F1 /* indytest92 */,
				48BAD6F120D5E8C2006A50F1 /* Products */,
				3C37D5C2E0ADC209EEC0C373 /* Pods */,
				415B38A5CBEEFCDBBB262A3D /* Frameworks */,
			);
			sourceTree = "<group>";
		};
		48BAD6F120D5E8C2006A50F1 /* Products */ = {
			isa = PBXGroup;
			children = (
				48BAD6F020D5E8C2006A50F1 /* indytest92.app */,
			);
			name = Products;
			sourceTree = "<group>";
		};
		48BAD6F220D5E8C2006A50F1 /* indytest92 */ = {
			isa = PBXGroup;
			children = (
				48BAD6F320D5E8C2006A50F1 /* AppDelegate.h */,
				48BAD6F420D5E8C2006A50F1 /* AppDelegate.m */,
				48BAD6F620D5E8C2006A50F1 /* ViewController.h */,
				48BAD6F720D5E8C2006A50F1 /* ViewController.m */,
				48BAD6F920D5E8C2006A50F1 /* Main.storyboard */,
				48BAD6FC20D5E8C2006A50F1 /* Assets.xcassets */,
				48BAD6FE20D5E8C2006A50F1 /* LaunchScreen.storyboard */,
				48BAD70120D5E8C2006A50F1 /* Info.plist */,
				48BAD70220D5E8C2006A50F1 /* main.m */,
			);
			path = indytest92;
			sourceTree = "<group>";
		};
/* End PBXGroup section */

/* Begin PBXNativeTarget section */
		48BAD6EF20D5E8C2006A50F1 /* indytest92 */ = {
			isa = PBXNativeTarget;
			buildConfigurationList = 48BAD70620D5E8C2006A50F1 /* Build configuration list for PBXNativeTarget "indytest92" */;
			buildPhases = (
				A9327A25B2A1FF9BCB309E7F /* [CP] Check Pods Manifest.lock */,
				48BAD6EC20D5E8C2006A50F1 /* Sources */,
				48BAD6ED20D5E8C2006A50F1 /* Frameworks */,
				48BAD6EE20D5E8C2006A50F1 /* Resources */,
				06D6C638DFABDB7A14C2C68F /* [CP] Embed Pods Frameworks */,
			);
			buildRules = (
			);
			dependencies = (
			);
			name = indytest92;
			productName = indytest92;
			productReference = 48BAD6F020D5E8C2006A50F1 /* indytest92.app */;
			productType = "com.apple.product-type.application";
		};
/* End PBXNativeTarget section */

/* Begin PBXProject section */
		48BAD6E820D5E8C2006A50F1 /* Project object */ = {
			isa = PBXProject;
			attributes = {
				LastUpgradeCheck = 0920;
				ORGANIZATIONNAME = "Stanley Chen";
				TargetAttributes = {
					48BAD6EF20D5E8C2006A50F1 = {
						CreatedOnToolsVersion = 9.2;
						ProvisioningStyle = Automatic;
					};
				};
			};
			buildConfigurationList = 48BAD6EB20D5E8C2006A50F1 /* Build configuration list for PBXProject "indytest92" */;
			compatibilityVersion = "Xcode 8.0";
			developmentRegion = en;
			hasScannedForEncodings = 0;
			knownRegions = (
				en,
				Base,
			);
			mainGroup = 48BAD6E720D5E8C2006A50F1;
			productRefGroup = 48BAD6F120D5E8C2006A50F1 /* Products */;
			projectDirPath = "";
			projectRoot = "";
			targets = (
				48BAD6EF20D5E8C2006A50F1 /* indytest92 */,
			);
		};
/* End PBXProject section */

/* Begin PBXResourcesBuildPhase section */
		48BAD6EE20D5E8C2006A50F1 /* Resources */ = {
			isa = PBXResourcesBuildPhase;
			buildActionMask = 2147483647;
			files = (
				48BAD70020D5E8C2006A50F1 /* LaunchScreen.storyboard in Resources */,
				48BAD6FD20D5E8C2006A50F1 /* Assets.xcassets in Resources */,
				48BAD6FB20D5E8C2006A50F1 /* Main.storyboard in Resources */,
			);
			runOnlyForDeploymentPostprocessing = 0;
		};
/* End PBXResourcesBuildPhase section */

/* Begin PBXShellScriptBuildPhase section */
		06D6C638DFABDB7A14C2C68F /* [CP] Embed Pods Frameworks */ = {
			isa = PBXShellScriptBuildPhase;
			buildActionMask = 2147483647;
			files = (
			);
			inputPaths = (
				"${SRCROOT}/Pods/Target Support Files/Pods-indytest92/Pods-indytest92-frameworks.sh",
				"${PODS_ROOT}/libindy-objc/libindy-objc/Indy.framework",
			);
			name = "[CP] Embed Pods Frameworks";
			outputPaths = (
				"${TARGET_BUILD_DIR}/${FRAMEWORKS_FOLDER_PATH}/Indy.framework",
			);
			runOnlyForDeploymentPostprocessing = 0;
			shellPath = /bin/sh;
			shellScript = "\"${SRCROOT}/Pods/Target Support Files/Pods-indytest92/Pods-indytest92-frameworks.sh\"\n";
			showEnvVarsInLog = 0;
		};
		A9327A25B2A1FF9BCB309E7F /* [CP] Check Pods Manifest.lock */ = {
			isa = PBXShellScriptBuildPhase;
			buildActionMask = 2147483647;
			files = (
			);
			inputPaths = (
				"${PODS_PODFILE_DIR_PATH}/Podfile.lock",
				"${PODS_ROOT}/Manifest.lock",
			);
			name = "[CP] Check Pods Manifest.lock";
			outputPaths = (
				"$(DERIVED_FILE_DIR)/Pods-indytest92-checkManifestLockResult.txt",
			);
			runOnlyForDeploymentPostprocessing = 0;
			shellPath = /bin/sh;
			shellScript = "diff \"${PODS_PODFILE_DIR_PATH}/Podfile.lock\" \"${PODS_ROOT}/Manifest.lock\" > /dev/null\nif [ $? != 0 ] ; then\n    # print error to STDERR\n    echo \"error: The sandbox is not in sync with the Podfile.lock. Run 'pod install' or update your CocoaPods installation.\" >&2\n    exit 1\nfi\n# This output is used by Xcode 'outputs' to avoid re-running this script phase.\necho \"SUCCESS\" > \"${SCRIPT_OUTPUT_FILE_0}\"\n";
			showEnvVarsInLog = 0;
		};
/* End PBXShellScriptBuildPhase section */

/* Begin PBXSourcesBuildPhase section */
		48BAD6EC20D5E8C2006A50F1 /* Sources */ = {
			isa = PBXSourcesBuildPhase;
			buildActionMask = 2147483647;
			files = (
				48BAD6F820D5E8C2006A50F1 /* ViewController.m in Sources */,
				48BAD70320D5E8C2006A50F1 /* main.m in Sources */,
				48BAD6F520D5E8C2006A50F1 /* AppDelegate.m in Sources */,
			);
			runOnlyForDeploymentPostprocessing = 0;
		};
/* End PBXSourcesBuildPhase section */

/* Begin PBXVariantGroup section */
		48BAD6F920D5E8C2006A50F1 /* Main.storyboard */ = {
			isa = PBXVariantGroup;
			children = (
				48BAD6FA20D5E8C2006A50F1 /* Base */,
			);
			name = Main.storyboard;
			sourceTree = "<group>";
		};
		48BAD6FE20D5E8C2006A50F1 /* LaunchScreen.storyboard */ = {
			isa = PBXVariantGroup;
			children = (
				48BAD6FF20D5E8C2006A50F1 /* Base */,
			);
			name = LaunchScreen.storyboard;
			sourceTree = "<group>";
		};
/* End PBXVariantGroup section */

/* Begin XCBuildConfiguration section */
		48BAD70420D5E8C2006A50F1 /* Debug */ = {
			isa = XCBuildConfiguration;
			buildSettings = {
				ALWAYS_EMBED_SWIFT_STANDARD_LIBRARIES = YES;
				ALWAYS_SEARCH_USER_PATHS = NO;
				CLANG_ANALYZER_NONNULL = YES;
				CLANG_ANALYZER_NUMBER_OBJECT_CONVERSION = YES_AGGRESSIVE;
				CLANG_CXX_LANGUAGE_STANDARD = "gnu++14";
				CLANG_CXX_LIBRARY = "libc++";
				CLANG_ENABLE_MODULES = YES;
				CLANG_ENABLE_OBJC_ARC = YES;
				CLANG_WARN_BLOCK_CAPTURE_AUTORELEASING = YES;
				CLANG_WARN_BOOL_CONVERSION = YES;
				CLANG_WARN_COMMA = YES;
				CLANG_WARN_CONSTANT_CONVERSION = YES;
				CLANG_WARN_DIRECT_OBJC_ISA_USAGE = YES_ERROR;
				CLANG_WARN_DOCUMENTATION_COMMENTS = YES;
				CLANG_WARN_EMPTY_BODY = YES;
				CLANG_WARN_ENUM_CONVERSION = YES;
				CLANG_WARN_INFINITE_RECURSION = YES;
				CLANG_WARN_INT_CONVERSION = YES;
				CLANG_WARN_NON_LITERAL_NULL_CONVERSION = YES;
				CLANG_WARN_OBJC_LITERAL_CONVERSION = YES;
				CLANG_WARN_OBJC_ROOT_CLASS = YES_ERROR;
				CLANG_WARN_RANGE_LOOP_ANALYSIS = YES;
				CLANG_WARN_STRICT_PROTOTYPES = YES;
				CLANG_WARN_SUSPICIOUS_MOVE = YES;
				CLANG_WARN_UNGUARDED_AVAILABILITY = YES_AGGRESSIVE;
				CLANG_WARN_UNREACHABLE_CODE = YES;
				CLANG_WARN__DUPLICATE_METHOD_MATCH = YES;
				CODE_SIGN_IDENTITY = "iPhone Developer";
				COPY_PHASE_STRIP = NO;
				DEBUG_INFORMATION_FORMAT = dwarf;
				ENABLE_STRICT_OBJC_MSGSEND = YES;
				ENABLE_TESTABILITY = YES;
				GCC_C_LANGUAGE_STANDARD = gnu11;
				GCC_DYNAMIC_NO_PIC = NO;
				GCC_NO_COMMON_BLOCKS = YES;
				GCC_OPTIMIZATION_LEVEL = 0;
				GCC_PREPROCESSOR_DEFINITIONS = (
					"DEBUG=1",
					"$(inherited)",
				);
				GCC_WARN_64_TO_32_BIT_CONVERSION = YES;
				GCC_WARN_ABOUT_RETURN_TYPE = YES_ERROR;
				GCC_WARN_UNDECLARED_SELECTOR = YES;
				GCC_WARN_UNINITIALIZED_AUTOS = YES_AGGRESSIVE;
				GCC_WARN_UNUSED_FUNCTION = YES;
				GCC_WARN_UNUSED_VARIABLE = YES;
				IPHONEOS_DEPLOYMENT_TARGET = 11.2;
				MTL_ENABLE_DEBUG_INFO = YES;
				ONLY_ACTIVE_ARCH = YES;
				SDKROOT = iphoneos;
			};
			name = Debug;
		};
		48BAD70520D5E8C2006A50F1 /* Release */ = {
			isa = XCBuildConfiguration;
			buildSettings = {
				ALWAYS_EMBED_SWIFT_STANDARD_LIBRARIES = YES;
				ALWAYS_SEARCH_USER_PATHS = NO;
				CLANG_ANALYZER_NONNULL = YES;
				CLANG_ANALYZER_NUMBER_OBJECT_CONVERSION = YES_AGGRESSIVE;
				CLANG_CXX_LANGUAGE_STANDARD = "gnu++14";
				CLANG_CXX_LIBRARY = "libc++";
				CLANG_ENABLE_MODULES = YES;
				CLANG_ENABLE_OBJC_ARC = YES;
				CLANG_WARN_BLOCK_CAPTURE_AUTORELEASING = YES;
				CLANG_WARN_BOOL_CONVERSION = YES;
				CLANG_WARN_COMMA = YES;
				CLANG_WARN_CONSTANT_CONVERSION = YES;
				CLANG_WARN_DIRECT_OBJC_ISA_USAGE = YES_ERROR;
				CLANG_WARN_DOCUMENTATION_COMMENTS = YES;
				CLANG_WARN_EMPTY_BODY = YES;
				CLANG_WARN_ENUM_CONVERSION = YES;
				CLANG_WARN_INFINITE_RECURSION = YES;
				CLANG_WARN_INT_CONVERSION = YES;
				CLANG_WARN_NON_LITERAL_NULL_CONVERSION = YES;
				CLANG_WARN_OBJC_LITERAL_CONVERSION = YES;
				CLANG_WARN_OBJC_ROOT_CLASS = YES_ERROR;
				CLANG_WARN_RANGE_LOOP_ANALYSIS = YES;
				CLANG_WARN_STRICT_PROTOTYPES = YES;
				CLANG_WARN_SUSPICIOUS_MOVE = YES;
				CLANG_WARN_UNGUARDED_AVAILABILITY = YES_AGGRESSIVE;
				CLANG_WARN_UNREACHABLE_CODE = YES;
				CLANG_WARN__DUPLICATE_METHOD_MATCH = YES;
				CODE_SIGN_IDENTITY = "iPhone Developer";
				COPY_PHASE_STRIP = NO;
				DEBUG_INFORMATION_FORMAT = "dwarf-with-dsym";
				ENABLE_NS_ASSERTIONS = NO;
				ENABLE_STRICT_OBJC_MSGSEND = YES;
				GCC_C_LANGUAGE_STANDARD = gnu11;
				GCC_NO_COMMON_BLOCKS = YES;
				GCC_WARN_64_TO_32_BIT_CONVERSION = YES;
				GCC_WARN_ABOUT_RETURN_TYPE = YES_ERROR;
				GCC_WARN_UNDECLARED_SELECTOR = YES;
				GCC_WARN_UNINITIALIZED_AUTOS = YES_AGGRESSIVE;
				GCC_WARN_UNUSED_FUNCTION = YES;
				GCC_WARN_UNUSED_VARIABLE = YES;
				IPHONEOS_DEPLOYMENT_TARGET = 11.2;
				MTL_ENABLE_DEBUG_INFO = NO;
				SDKROOT = iphoneos;
				VALIDATE_PRODUCT = YES;
			};
			name = Release;
		};
		48BAD70720D5E8C2006A50F1 /* Debug */ = {
			isa = XCBuildConfiguration;
			baseConfigurationReference = F0AC7731B8D3AB9C5EA95FEA /* Pods-indytest92.debug.xcconfig */;
			buildSettings = {
				ALWAYS_EMBED_SWIFT_STANDARD_LIBRARIES = YES;
				ASSETCATALOG_COMPILER_APPICON_NAME = AppIcon;
				CODE_SIGN_STYLE = Automatic;
				DEVELOPMENT_TEAM = Y9F8QBC7QM;
				ENABLE_BITCODE = NO;
				INFOPLIST_FILE = indytest92/Info.plist;
				LD_RUNPATH_SEARCH_PATHS = "$(inherited) @executable_path/Frameworks";
				PRODUCT_BUNDLE_IDENTIFIER = stanley.indytest92;
				PRODUCT_NAME = "$(TARGET_NAME)";
				TARGETED_DEVICE_FAMILY = "1,2";
			};
			name = Debug;
		};
		48BAD70820D5E8C2006A50F1 /* Release */ = {
			isa = XCBuildConfiguration;
			baseConfigurationReference = 00F46F8A0BAB4661BE9B0C7C /* Pods-indytest92.release.xcconfig */;
			buildSettings = {
				ALWAYS_EMBED_SWIFT_STANDARD_LIBRARIES = YES;
				ASSETCATALOG_COMPILER_APPICON_NAME = AppIcon;
				CODE_SIGN_STYLE = Automatic;
				DEVELOPMENT_TEAM = Y9F8QBC7QM;
				ENABLE_BITCODE = NO;
				INFOPLIST_FILE = indytest92/Info.plist;
				LD_RUNPATH_SEARCH_PATHS = "$(inherited) @executable_path/Frameworks";
				PRODUCT_BUNDLE_IDENTIFIER = stanley.indytest92;
				PRODUCT_NAME = "$(TARGET_NAME)";
				TARGETED_DEVICE_FAMILY = "1,2";
			};
			name = Release;
		};
/* End XCBuildConfiguration section */

/* Begin XCConfigurationList section */
		48BAD6EB20D5E8C2006A50F1 /* Build configuration list for PBXProject "indytest92" */ = {
			isa = XCConfigurationList;
			buildConfigurations = (
				48BAD70420D5E8C2006A50F1 /* Debug */,
				48BAD70520D5E8C2006A50F1 /* Release */,
			);
			defaultConfigurationIsVisible = 0;
			defaultConfigurationName = Release;
		};
		48BAD70620D5E8C2006A50F1 /* Build configuration list for PBXNativeTarget "indytest92" */ = {
			isa = XCConfigurationList;
			buildConfigurations = (
				48BAD70720D5E8C2006A50F1 /* Debug */,
				48BAD70820D5E8C2006A50F1 /* Release */,
			);
			defaultConfigurationIsVisible = 0;
			defaultConfigurationName = Release;
		};
/* End XCConfigurationList section */
	};
	rootObject = 48BAD6E820D5E8C2006A50F1 /* Project object */;
}
